version: 6
environments:
  default:
    channels:
    - url: https://conda.anaconda.org/conda-forge/
    indexes:
    - https://pypi.org/simple
    packages:
      osx-arm64:
      - conda: https://conda.anaconda.org/conda-forge/noarch/annotated-types-0.7.0-pyhd8ed1ab_1.conda
      - conda: https://conda.anaconda.org/conda-forge/noarch/anyio-4.10.0-pyhe01879c_0.conda
      - conda: https://conda.anaconda.org/conda-forge/osx-arm64/bzip2-1.0.8-h99b78c6_7.conda
      - conda: https://conda.anaconda.org/conda-forge/noarch/ca-certificates-2025.7.14-hbd8a1cb_0.conda
      - conda: https://conda.anaconda.org/conda-forge/noarch/certifi-2025.8.3-pyhd8ed1ab_0.conda
      - conda: https://conda.anaconda.org/conda-forge/noarch/colorama-0.4.6-pyhd8ed1ab_1.conda
      - conda: https://conda.anaconda.org/conda-forge/noarch/distro-1.9.0-pyhd8ed1ab_1.conda
      - conda: https://conda.anaconda.org/conda-forge/noarch/exceptiongroup-1.3.0-pyhd8ed1ab_0.conda
      - conda: https://conda.anaconda.org/conda-forge/noarch/fire-0.7.0-pyhd8ed1ab_0.conda
      - conda: https://conda.anaconda.org/conda-forge/noarch/h11-0.16.0-pyhd8ed1ab_0.conda
      - conda: https://conda.anaconda.org/conda-forge/noarch/h2-4.3.0-pyhcf101f3_0.conda
      - conda: https://conda.anaconda.org/conda-forge/noarch/hpack-4.1.0-pyhd8ed1ab_0.conda
      - conda: https://conda.anaconda.org/conda-forge/noarch/httpcore-1.0.9-pyh29332c3_0.conda
      - conda: https://conda.anaconda.org/conda-forge/noarch/httpx-0.28.1-pyhd8ed1ab_0.conda
      - conda: https://conda.anaconda.org/conda-forge/noarch/hyperframe-6.1.0-pyhd8ed1ab_0.conda
      - conda: https://conda.anaconda.org/conda-forge/osx-arm64/icu-75.1-hfee45f7_0.conda
      - conda: https://conda.anaconda.org/conda-forge/noarch/idna-3.10-pyhd8ed1ab_1.conda
      - conda: https://conda.anaconda.org/conda-forge/osx-arm64/jiter-0.10.0-py313hdde674f_0.conda
      - conda: https://conda.anaconda.org/conda-forge/osx-arm64/libexpat-2.7.1-hec049ff_0.conda
      - conda: https://conda.anaconda.org/conda-forge/osx-arm64/libffi-3.4.6-h1da3d7d_1.conda
      - conda: https://conda.anaconda.org/conda-forge/osx-arm64/liblzma-5.8.1-h39f12f2_2.conda
      - conda: https://conda.anaconda.org/conda-forge/osx-arm64/libmpdec-4.0.0-h5505292_0.conda
      - conda: https://conda.anaconda.org/conda-forge/osx-arm64/libsqlite-3.50.4-h4237e3c_0.conda
      - conda: https://conda.anaconda.org/conda-forge/osx-arm64/libzlib-1.3.1-h8359307_2.conda
      - conda: https://conda.anaconda.org/conda-forge/osx-arm64/ncurses-6.5-h5e97a16_3.conda
      - conda: https://conda.anaconda.org/conda-forge/noarch/openai-1.101.0-pyhd8ed1ab_0.conda
      - conda: https://conda.anaconda.org/conda-forge/osx-arm64/openssl-3.5.1-h81ee809_0.conda
      - conda: https://conda.anaconda.org/conda-forge/noarch/pydantic-2.11.7-pyh3cfb1c2_0.conda
      - conda: https://conda.anaconda.org/conda-forge/osx-arm64/pydantic-core-2.33.2-py313hf3ab51e_0.conda
      - conda: https://conda.anaconda.org/conda-forge/osx-arm64/python-3.13.5-hf3f3da0_102_cp313.conda
      - conda: https://conda.anaconda.org/conda-forge/noarch/python_abi-3.13-8_cp313.conda
      - conda: https://conda.anaconda.org/conda-forge/osx-arm64/readline-8.2-h1d1bf99_2.conda
      - conda: https://conda.anaconda.org/conda-forge/noarch/six-1.17.0-pyhe01879c_1.conda
      - conda: https://conda.anaconda.org/conda-forge/noarch/sniffio-1.3.1-pyhd8ed1ab_1.conda
      - conda: https://conda.anaconda.org/conda-forge/noarch/termcolor-3.1.0-pyhd8ed1ab_0.conda
      - conda: https://conda.anaconda.org/conda-forge/osx-arm64/tk-8.6.13-h892fb3f_2.conda
      - conda: https://conda.anaconda.org/conda-forge/noarch/tqdm-4.67.1-pyhd8ed1ab_1.conda
      - conda: https://conda.anaconda.org/conda-forge/noarch/typing-extensions-4.15.0-h396c80c_0.conda
      - conda: https://conda.anaconda.org/conda-forge/noarch/typing-inspection-0.4.1-pyhd8ed1ab_0.conda
      - conda: https://conda.anaconda.org/conda-forge/noarch/typing_extensions-4.15.0-pyhcf101f3_0.conda
      - conda: https://conda.anaconda.org/conda-forge/noarch/tzdata-2025b-h78e105d_0.conda
      - pypi: https://files.pythonhosted.org/packages/0f/15/5bf3b99495fb160b63f95972b81750f18f7f4e02ad051373b669d17d44f2/aiohappyeyeballs-2.6.1-py3-none-any.whl
      - pypi: https://files.pythonhosted.org/packages/49/fc/a9576ab4be2dcbd0f73ee8675d16c707cfc12d5ee80ccf4015ba543480c9/aiohttp-3.12.15-cp313-cp313-macosx_11_0_arm64.whl
      - pypi: https://files.pythonhosted.org/packages/fb/76/641ae371508676492379f16e2fa48f4e2c11741bd63c48be4b12a6b09cba/aiosignal-1.4.0-py3-none-any.whl
      - pypi: https://files.pythonhosted.org/packages/77/06/bb80f5f86020c4551da315d78b3ab75e8228f89f0162f2c3a819e407941a/attrs-25.3.0-py3-none-any.whl
      - pypi: https://files.pythonhosted.org/packages/7e/d4/7ebdbd03970677812aac39c869717059dbb71a4cfc033ca6e5221787892c/click-8.1.8-py3-none-any.whl
      - pypi: https://files.pythonhosted.org/packages/f4/25/a0895c99270ca6966110f4ad98e87e5662eab416a17e7fd53c364bf8b954/frozenlist-1.7.0-cp313-cp313-macosx_11_0_arm64.whl
      - pypi: https://files.pythonhosted.org/packages/03/8b/ad381ec1b8195fa4a9a693cb8087e031b99530c0d6b8ad036dcb99e144c4/grpclib-0.4.8-py3-none-any.whl
      - pypi: https://files.pythonhosted.org/packages/42/d7/1ec15b46af6af88f19b8e5ffea08fa375d433c998b8a7639e76935c14f1f/markdown_it_py-3.0.0-py3-none-any.whl
      - pypi: https://files.pythonhosted.org/packages/b3/38/89ba8ad64ae25be8de66a6d463314cf1eb366222074cfda9ee839c56a4b4/mdurl-0.1.2-py3-none-any.whl
      - pypi: https://files.pythonhosted.org/packages/56/19/96c8cc6334225b7e880d1dd2aa4c96e236a7c914d90204ce8b51711912e9/modal-1.1.0-py3-none-any.whl
      - pypi: https://files.pythonhosted.org/packages/32/d2/0b3b23f9dbad5b270b22a3ac3ea73ed0a50ef2d9a390447061178ed6bdb8/multidict-6.6.3-cp313-cp313-macosx_11_0_arm64.whl
      - pypi: https://files.pythonhosted.org/packages/dc/9e/14520dc3dadf3c803473bd07e9b2bd1b69bc583cb2497b47000fed2fa92f/numpy-2.2.6-cp313-cp313-macosx_11_0_arm64.whl
      - pypi: https://files.pythonhosted.org/packages/8c/96/ef98f91bbb42b79e9bb82bdd348b255eb9d65f14dbbe3b1594644c4073f7/propcache-0.3.2-cp313-cp313-macosx_11_0_arm64.whl
      - pypi: https://files.pythonhosted.org/packages/6a/c9/b9689a2a250264a84e66c46d8862ba788ee7a641cdca39bccf64f59284b7/protobuf-6.31.1-cp39-abi3-macosx_10_9_universal2.whl
      - pypi: https://files.pythonhosted.org/packages/c7/21/705964c7812476f378728bdf590ca4b771ec72385c533964653c68e86bdc/pygments-2.19.2-py3-none-any.whl
      - pypi: https://files.pythonhosted.org/packages/e3/30/3c4d035596d3cf444529e0b2953ad0466f6049528a879d27534700580395/rich-14.1.0-py3-none-any.whl
      - pypi: https://files.pythonhosted.org/packages/e0/f9/0595336914c5619e5f28a1fb793285925a8cd4b432c9da0a987836c7f822/shellingham-1.5.4-py2.py3-none-any.whl
      - pypi: https://files.pythonhosted.org/packages/1f/91/853dbf6ec096197dba9cd5fd0c836c5fc19142038b7db60ebe6332b1bab1/sigtools-4.0.1-py2.py3-none-any.whl
      - pypi: https://files.pythonhosted.org/packages/f8/f9/ce041b9531022a0b5999a47e6da14485239f7bce9c595d1bfb387fe60e89/synchronicity-0.10.2-py3-none-any.whl
      - pypi: https://files.pythonhosted.org/packages/44/6f/7120676b6d73228c96e17f1f794d8ab046fc910d781c8d151120c3f1569e/toml-0.10.2-py2.py3-none-any.whl
      - pypi: https://files.pythonhosted.org/packages/76/42/3efaf858001d2c2913de7f354563e3a3a2f0decae3efe98427125a8f441e/typer-0.16.0-py3-none-any.whl
      - pypi: https://files.pythonhosted.org/packages/b5/63/2463d89481e811f007b0e1cd0a91e52e141b47f9de724d20db7b861dcfec/types_certifi-2021.10.8.3-py3-none-any.whl
      - pypi: https://files.pythonhosted.org/packages/da/a2/d32ab58c0b216912638b140ab2170ee4b8644067c293b170e19fba340ccc/types_toml-0.10.8.20240310-py3-none-any.whl
      - pypi: https://files.pythonhosted.org/packages/fa/55/a77e533e59c3003d9803c09c44c3651224067cbe7fb5d574ddbaa31e11ca/watchfiles-1.1.0-cp313-cp313-macosx_11_0_arm64.whl
      - pypi: https://files.pythonhosted.org/packages/bf/9a/3246ae92d4049099f52d9b0fe3486e3b500e29b7ea872d0f152966fc209d/yarl-1.20.1-cp313-cp313-macosx_11_0_arm64.whl
      - pypi: ./
packages:
- pypi: https://files.pythonhosted.org/packages/0f/15/5bf3b99495fb160b63f95972b81750f18f7f4e02ad051373b669d17d44f2/aiohappyeyeballs-2.6.1-py3-none-any.whl
  name: aiohappyeyeballs
  version: 2.6.1
  sha256: f349ba8f4b75cb25c99c5c2d84e997e485204d2902a9597802b0371f09331fb8
  requires_python: '>=3.9'
- pypi: https://files.pythonhosted.org/packages/49/fc/a9576ab4be2dcbd0f73ee8675d16c707cfc12d5ee80ccf4015ba543480c9/aiohttp-3.12.15-cp313-cp313-macosx_11_0_arm64.whl
  name: aiohttp
  version: 3.12.15
  sha256: 3eae49032c29d356b94eee45a3f39fdf4b0814b397638c2f718e96cfadf4c4e4
  requires_dist:
  - aiohappyeyeballs>=2.5.0
  - aiosignal>=1.4.0
  - async-timeout>=4.0,<6.0 ; python_full_version < '3.11'
  - attrs>=17.3.0
  - frozenlist>=1.1.1
  - multidict>=4.5,<7.0
  - propcache>=0.2.0
  - yarl>=1.17.0,<2.0
  - aiodns>=3.3.0 ; extra == 'speedups'
  - brotli ; platform_python_implementation == 'CPython' and extra == 'speedups'
  - brotlicffi ; platform_python_implementation != 'CPython' and extra == 'speedups'
  requires_python: '>=3.9'
- pypi: https://files.pythonhosted.org/packages/fb/76/641ae371508676492379f16e2fa48f4e2c11741bd63c48be4b12a6b09cba/aiosignal-1.4.0-py3-none-any.whl
  name: aiosignal
  version: 1.4.0
  sha256: 053243f8b92b990551949e63930a839ff0cf0b0ebbe0597b0f3fb19e1a0fe82e
  requires_dist:
  - frozenlist>=1.1.0
  - typing-extensions>=4.2 ; python_full_version < '3.13'
  requires_python: '>=3.9'
- conda: https://conda.anaconda.org/conda-forge/noarch/annotated-types-0.7.0-pyhd8ed1ab_1.conda
  sha256: e0ea1ba78fbb64f17062601edda82097fcf815012cf52bb704150a2668110d48
  md5: 2934f256a8acfe48f6ebb4fce6cde29c
  depends:
  - python >=3.9
  - typing-extensions >=4.0.0
  license: MIT
  license_family: MIT
  purls:
  - pkg:pypi/annotated-types?source=hash-mapping
  size: 18074
  timestamp: 1733247158254
- conda: https://conda.anaconda.org/conda-forge/noarch/anyio-4.10.0-pyhe01879c_0.conda
  sha256: d1b50686672ebe7041e44811eda563e45b94a8354db67eca659040392ac74d63
  md5: cc2613bfa71dec0eb2113ee21ac9ccbf
  depends:
  - exceptiongroup >=1.0.2
  - idna >=2.8
  - python >=3.9
  - sniffio >=1.1
  - typing_extensions >=4.5
  - python
  constrains:
  - trio >=0.26.1
  - uvloop >=0.21
  license: MIT
  license_family: MIT
  purls:
  - pkg:pypi/anyio?source=compressed-mapping
  size: 134857
  timestamp: 1754315087747
- pypi: https://files.pythonhosted.org/packages/77/06/bb80f5f86020c4551da315d78b3ab75e8228f89f0162f2c3a819e407941a/attrs-25.3.0-py3-none-any.whl
  name: attrs
  version: 25.3.0
  sha256: 427318ce031701fea540783410126f03899a97ffc6f61596ad581ac2e40e3bc3
  requires_dist:
  - cloudpickle ; platform_python_implementation == 'CPython' and extra == 'benchmark'
  - hypothesis ; extra == 'benchmark'
  - mypy>=1.11.1 ; python_full_version >= '3.10' and platform_python_implementation == 'CPython' and extra == 'benchmark'
  - pympler ; extra == 'benchmark'
  - pytest-codspeed ; extra == 'benchmark'
  - pytest-mypy-plugins ; python_full_version >= '3.10' and platform_python_implementation == 'CPython' and extra == 'benchmark'
  - pytest-xdist[psutil] ; extra == 'benchmark'
  - pytest>=4.3.0 ; extra == 'benchmark'
  - cloudpickle ; platform_python_implementation == 'CPython' and extra == 'cov'
  - coverage[toml]>=5.3 ; extra == 'cov'
  - hypothesis ; extra == 'cov'
  - mypy>=1.11.1 ; python_full_version >= '3.10' and platform_python_implementation == 'CPython' and extra == 'cov'
  - pympler ; extra == 'cov'
  - pytest-mypy-plugins ; python_full_version >= '3.10' and platform_python_implementation == 'CPython' and extra == 'cov'
  - pytest-xdist[psutil] ; extra == 'cov'
  - pytest>=4.3.0 ; extra == 'cov'
  - cloudpickle ; platform_python_implementation == 'CPython' and extra == 'dev'
  - hypothesis ; extra == 'dev'
  - mypy>=1.11.1 ; python_full_version >= '3.10' and platform_python_implementation == 'CPython' and extra == 'dev'
  - pre-commit-uv ; extra == 'dev'
  - pympler ; extra == 'dev'
  - pytest-mypy-plugins ; python_full_version >= '3.10' and platform_python_implementation == 'CPython' and extra == 'dev'
  - pytest-xdist[psutil] ; extra == 'dev'
  - pytest>=4.3.0 ; extra == 'dev'
  - cogapp ; extra == 'docs'
  - furo ; extra == 'docs'
  - myst-parser ; extra == 'docs'
  - sphinx ; extra == 'docs'
  - sphinx-notfound-page ; extra == 'docs'
  - sphinxcontrib-towncrier ; extra == 'docs'
  - towncrier ; extra == 'docs'
  - cloudpickle ; platform_python_implementation == 'CPython' and extra == 'tests'
  - hypothesis ; extra == 'tests'
  - mypy>=1.11.1 ; python_full_version >= '3.10' and platform_python_implementation == 'CPython' and extra == 'tests'
  - pympler ; extra == 'tests'
  - pytest-mypy-plugins ; python_full_version >= '3.10' and platform_python_implementation == 'CPython' and extra == 'tests'
  - pytest-xdist[psutil] ; extra == 'tests'
  - pytest>=4.3.0 ; extra == 'tests'
  - mypy>=1.11.1 ; python_full_version >= '3.10' and platform_python_implementation == 'CPython' and extra == 'tests-mypy'
  - pytest-mypy-plugins ; python_full_version >= '3.10' and platform_python_implementation == 'CPython' and extra == 'tests-mypy'
  requires_python: '>=3.8'
- conda: https://conda.anaconda.org/conda-forge/osx-arm64/bzip2-1.0.8-h99b78c6_7.conda
  sha256: adfa71f158cbd872a36394c56c3568e6034aa55c623634b37a4836bd036e6b91
  md5: fc6948412dbbbe9a4c9ddbbcfe0a79ab
  depends:
  - __osx >=11.0
  license: bzip2-1.0.6
  license_family: BSD
  purls: []
  size: 122909
  timestamp: 1720974522888
- conda: https://conda.anaconda.org/conda-forge/noarch/ca-certificates-2025.7.14-hbd8a1cb_0.conda
  sha256: 29defbd83c7829788358678ec996adeee252fa4d4274b7cd386c1ed73d2b201e
  md5: d16c90324aef024877d8713c0b7fea5b
  depends:
  - __unix
  license: ISC
  purls: []
  size: 155658
  timestamp: 1752482350666
- conda: https://conda.anaconda.org/conda-forge/noarch/certifi-2025.8.3-pyhd8ed1ab_0.conda
  sha256: a1ad5b0a2a242f439608f22a538d2175cac4444b7b3f4e2b8c090ac337aaea40
  md5: 11f59985f49df4620890f3e746ed7102
  depends:
  - python >=3.9
  license: ISC
  purls:
  - pkg:pypi/certifi?source=compressed-mapping
  size: 158692
  timestamp: 1754231530168
- pypi: https://files.pythonhosted.org/packages/7e/d4/7ebdbd03970677812aac39c869717059dbb71a4cfc033ca6e5221787892c/click-8.1.8-py3-none-any.whl
  name: click
  version: 8.1.8
  sha256: 63c132bbbed01578a06712a2d1f497bb62d9c1c0d329b7903a866228027263b2
  requires_dist:
  - colorama ; sys_platform == 'win32'
  - importlib-metadata ; python_full_version < '3.8'
  requires_python: '>=3.7'
- conda: https://conda.anaconda.org/conda-forge/noarch/colorama-0.4.6-pyhd8ed1ab_1.conda
  sha256: ab29d57dc70786c1269633ba3dff20288b81664d3ff8d21af995742e2bb03287
  md5: 962b9857ee8e7018c22f2776ffa0b2d7
  depends:
  - python >=3.9
  license: BSD-3-Clause
  license_family: BSD
  purls:
  - pkg:pypi/colorama?source=hash-mapping
  size: 27011
  timestamp: 1733218222191
- conda: https://conda.anaconda.org/conda-forge/noarch/distro-1.9.0-pyhd8ed1ab_1.conda
  sha256: 5603c7d0321963bb9b4030eadabc3fd7ca6103a38475b4e0ed13ed6d97c86f4e
  md5: 0a2014fd9860f8b1eaa0b1f3d3771a08
  depends:
  - python >=3.9
  license: Apache-2.0
  license_family: APACHE
  purls:
  - pkg:pypi/distro?source=hash-mapping
  size: 41773
  timestamp: 1734729953882
- conda: https://conda.anaconda.org/conda-forge/noarch/exceptiongroup-1.3.0-pyhd8ed1ab_0.conda
  sha256: ce61f4f99401a4bd455b89909153b40b9c823276aefcbb06f2044618696009ca
  md5: 72e42d28960d875c7654614f8b50939a
  depends:
  - python >=3.9
  - typing_extensions >=4.6.0
  license: MIT and PSF-2.0
  purls:
  - pkg:pypi/exceptiongroup?source=hash-mapping
  size: 21284
  timestamp: 1746947398083
- conda: https://conda.anaconda.org/conda-forge/noarch/fire-0.7.0-pyhd8ed1ab_0.conda
  sha256: 9b2d95df57d20338b03c47f2dabe1caebcbbbd5c1af437b7114906be7040b217
  md5: c8eefdf1e822c56a6034602e67bc92a5
  depends:
  - python >=3.7
  - six
  - termcolor
  license: Apache-2.0
  license_family: Apache
  purls:
  - pkg:pypi/fire?source=hash-mapping
  size: 84280
  timestamp: 1727808502168
- pypi: https://files.pythonhosted.org/packages/f4/25/a0895c99270ca6966110f4ad98e87e5662eab416a17e7fd53c364bf8b954/frozenlist-1.7.0-cp313-cp313-macosx_11_0_arm64.whl
  name: frozenlist
  version: 1.7.0
  sha256: cbb65198a9132ebc334f237d7b0df163e4de83fb4f2bdfe46c1e654bdb0c5d43
  requires_python: '>=3.9'
- pypi: https://files.pythonhosted.org/packages/03/8b/ad381ec1b8195fa4a9a693cb8087e031b99530c0d6b8ad036dcb99e144c4/grpclib-0.4.8-py3-none-any.whl
  name: grpclib
  version: 0.4.8
  sha256: a5047733a7acc1c1cee6abf3c841c7c6fab67d2844a45a853b113fa2e6cd2654
  requires_dist:
  - h2>=3.1.0,<5
  - multidict
  - protobuf>=3.20.0 ; extra == 'protobuf'
  requires_python: '>=3.8'
- conda: https://conda.anaconda.org/conda-forge/noarch/h11-0.16.0-pyhd8ed1ab_0.conda
  sha256: f64b68148c478c3bfc8f8d519541de7d2616bf59d44485a5271041d40c061887
  md5: 4b69232755285701bc86a5afe4d9933a
  depends:
  - python >=3.9
  - typing_extensions
  license: MIT
  license_family: MIT
  purls:
  - pkg:pypi/h11?source=hash-mapping
  size: 37697
  timestamp: 1745526482242
- conda: https://conda.anaconda.org/conda-forge/noarch/h2-4.3.0-pyhcf101f3_0.conda
  sha256: 84c64443368f84b600bfecc529a1194a3b14c3656ee2e832d15a20e0329b6da3
  md5: 164fc43f0b53b6e3a7bc7dce5e4f1dc9
  depends:
  - python >=3.10
  - hyperframe >=6.1,<7
  - hpack >=4.1,<5
  - python
  license: MIT
  purls:
  - pkg:pypi/h2?source=compressed-mapping
  size: 95967
  timestamp: 1756364871835
- conda: https://conda.anaconda.org/conda-forge/noarch/hpack-4.1.0-pyhd8ed1ab_0.conda
  sha256: 6ad78a180576c706aabeb5b4c8ceb97c0cb25f1e112d76495bff23e3779948ba
  md5: 0a802cb9888dd14eeefc611f05c40b6e
  depends:
  - python >=3.9
  license: MIT
  license_family: MIT
  purls:
  - pkg:pypi/hpack?source=hash-mapping
  size: 30731
  timestamp: 1737618390337
- conda: https://conda.anaconda.org/conda-forge/noarch/httpcore-1.0.9-pyh29332c3_0.conda
  sha256: 04d49cb3c42714ce533a8553986e1642d0549a05dc5cc48e0d43ff5be6679a5b
  md5: 4f14640d58e2cc0aa0819d9d8ba125bb
  depends:
  - python >=3.9
  - h11 >=0.16
  - h2 >=3,<5
  - sniffio 1.*
  - anyio >=4.0,<5.0
  - certifi
  - python
  license: BSD-3-Clause
  license_family: BSD
  purls:
  - pkg:pypi/httpcore?source=hash-mapping
  size: 49483
  timestamp: 1745602916758
- conda: https://conda.anaconda.org/conda-forge/noarch/httpx-0.28.1-pyhd8ed1ab_0.conda
  sha256: cd0f1de3697b252df95f98383e9edb1d00386bfdd03fdf607fa42fe5fcb09950
  md5: d6989ead454181f4f9bc987d3dc4e285
  depends:
  - anyio
  - certifi
  - httpcore 1.*
  - idna
  - python >=3.9
  license: BSD-3-Clause
  license_family: BSD
  purls:
  - pkg:pypi/httpx?source=hash-mapping
  size: 63082
  timestamp: 1733663449209
- conda: https://conda.anaconda.org/conda-forge/noarch/hyperframe-6.1.0-pyhd8ed1ab_0.conda
  sha256: 77af6f5fe8b62ca07d09ac60127a30d9069fdc3c68d6b256754d0ffb1f7779f8
  md5: 8e6923fc12f1fe8f8c4e5c9f343256ac
  depends:
  - python >=3.9
  license: MIT
  license_family: MIT
  purls:
  - pkg:pypi/hyperframe?source=hash-mapping
  size: 17397
  timestamp: 1737618427549
- conda: https://conda.anaconda.org/conda-forge/osx-arm64/icu-75.1-hfee45f7_0.conda
  sha256: 9ba12c93406f3df5ab0a43db8a4b4ef67a5871dfd401010fbe29b218b2cbe620
  md5: 5eb22c1d7b3fc4abb50d92d621583137
  depends:
  - __osx >=11.0
  license: MIT
  license_family: MIT
  purls: []
  size: 11857802
  timestamp: 1720853997952
- conda: https://conda.anaconda.org/conda-forge/noarch/idna-3.10-pyhd8ed1ab_1.conda
  sha256: d7a472c9fd479e2e8dcb83fb8d433fce971ea369d704ece380e876f9c3494e87
  md5: 39a4f67be3286c86d696df570b1201b7
  depends:
  - python >=3.9
  license: BSD-3-Clause
  license_family: BSD
  purls:
  - pkg:pypi/idna?source=hash-mapping
  size: 49765
  timestamp: 1733211921194
- conda: https://conda.anaconda.org/conda-forge/osx-arm64/jiter-0.10.0-py313hdde674f_0.conda
  sha256: f8c7fe866f73c8da9388d879e717fb7902cb25bd2344695503799fe74f0f3c83
  md5: 08c48e47f190e50b245bbc965f81c993
  depends:
  - __osx >=11.0
  - python >=3.13,<3.14.0a0
  - python >=3.13,<3.14.0a0 *_cp313
  - python_abi 3.13.* *_cp313
  constrains:
  - __osx >=11.0
  license: MIT
  license_family: MIT
  purls:
  - pkg:pypi/jiter?source=hash-mapping
  size: 272745
  timestamp: 1747610172477
- pypi: ./
  name: jlai
  version: 0.1.0
  sha256: bef97545d1fd8902351ab70c9c14d799a7faf380c586c39b4e306c87428a0e48
  requires_dist:
  - modal>=1.1.0,<2
  - numpy>=1.26,<3
  requires_python: '>=3.11'
  editable: true
- conda: https://conda.anaconda.org/conda-forge/osx-arm64/libexpat-2.7.1-hec049ff_0.conda
  sha256: 8fbb17a56f51e7113ed511c5787e0dec0d4b10ef9df921c4fd1cccca0458f648
  md5: b1ca5f21335782f71a8bd69bdc093f67
  depends:
  - __osx >=11.0
  constrains:
  - expat 2.7.1.*
  license: MIT
  license_family: MIT
  purls: []
  size: 65971
  timestamp: 1752719657566
- conda: https://conda.anaconda.org/conda-forge/osx-arm64/libffi-3.4.6-h1da3d7d_1.conda
  sha256: c6a530924a9b14e193ea9adfe92843de2a806d1b7dbfd341546ece9653129e60
  md5: c215a60c2935b517dcda8cad4705734d
  depends:
  - __osx >=11.0
  license: MIT
  license_family: MIT
  purls: []
  size: 39839
  timestamp: 1743434670405
- conda: https://conda.anaconda.org/conda-forge/osx-arm64/liblzma-5.8.1-h39f12f2_2.conda
  sha256: 0cb92a9e026e7bd4842f410a5c5c665c89b2eb97794ffddba519a626b8ce7285
  md5: d6df911d4564d77c4374b02552cb17d1
  depends:
  - __osx >=11.0
  constrains:
  - xz 5.8.1.*
  license: 0BSD
  purls: []
  size: 92286
  timestamp: 1749230283517
- conda: https://conda.anaconda.org/conda-forge/osx-arm64/libmpdec-4.0.0-h5505292_0.conda
  sha256: 0a1875fc1642324ebd6c4ac864604f3f18f57fbcf558a8264f6ced028a3c75b2
  md5: 85ccccb47823dd9f7a99d2c7f530342f
  depends:
  - __osx >=11.0
  license: BSD-2-Clause
  license_family: BSD
  purls: []
  size: 71829
  timestamp: 1748393749336
- conda: https://conda.anaconda.org/conda-forge/osx-arm64/libsqlite-3.50.4-h4237e3c_0.conda
  sha256: 802ebe62e6bc59fc26b26276b793e0542cfff2d03c086440aeaf72fb8bbcec44
  md5: 1dcb0468f5146e38fae99aef9656034b
  depends:
  - __osx >=11.0
  - icu >=75.1,<76.0a0
  - libzlib >=1.3.1,<2.0a0
  license: blessing
  purls: []
  size: 902645
  timestamp: 1753948599139
- conda: https://conda.anaconda.org/conda-forge/osx-arm64/libzlib-1.3.1-h8359307_2.conda
  sha256: ce34669eadaba351cd54910743e6a2261b67009624dbc7daeeafdef93616711b
  md5: 369964e85dc26bfe78f41399b366c435
  depends:
  - __osx >=11.0
  constrains:
  - zlib 1.3.1 *_2
  license: Zlib
  license_family: Other
  purls: []
  size: 46438
  timestamp: 1727963202283
- pypi: https://files.pythonhosted.org/packages/42/d7/1ec15b46af6af88f19b8e5ffea08fa375d433c998b8a7639e76935c14f1f/markdown_it_py-3.0.0-py3-none-any.whl
  name: markdown-it-py
  version: 3.0.0
  sha256: 355216845c60bd96232cd8d8c40e8f9765cc86f46880e43a8fd22dc1a1a8cab1
  requires_dist:
  - mdurl~=0.1
  - psutil ; extra == 'benchmarking'
  - pytest ; extra == 'benchmarking'
  - pytest-benchmark ; extra == 'benchmarking'
  - pre-commit~=3.0 ; extra == 'code-style'
  - commonmark~=0.9 ; extra == 'compare'
  - markdown~=3.4 ; extra == 'compare'
  - mistletoe~=1.0 ; extra == 'compare'
  - mistune~=2.0 ; extra == 'compare'
  - panflute~=2.3 ; extra == 'compare'
  - linkify-it-py>=1,<3 ; extra == 'linkify'
  - mdit-py-plugins ; extra == 'plugins'
  - gprof2dot ; extra == 'profiling'
  - mdit-py-plugins ; extra == 'rtd'
  - myst-parser ; extra == 'rtd'
  - pyyaml ; extra == 'rtd'
  - sphinx ; extra == 'rtd'
  - sphinx-copybutton ; extra == 'rtd'
  - sphinx-design ; extra == 'rtd'
  - sphinx-book-theme ; extra == 'rtd'
  - jupyter-sphinx ; extra == 'rtd'
  - coverage ; extra == 'testing'
  - pytest ; extra == 'testing'
  - pytest-cov ; extra == 'testing'
  - pytest-regressions ; extra == 'testing'
  requires_python: '>=3.8'
- pypi: https://files.pythonhosted.org/packages/b3/38/89ba8ad64ae25be8de66a6d463314cf1eb366222074cfda9ee839c56a4b4/mdurl-0.1.2-py3-none-any.whl
  name: mdurl
  version: 0.1.2
  sha256: 84008a41e51615a49fc9966191ff91509e3c40b939176e643fd50a5c2196b8f8
  requires_python: '>=3.7'
- pypi: https://files.pythonhosted.org/packages/56/19/96c8cc6334225b7e880d1dd2aa4c96e236a7c914d90204ce8b51711912e9/modal-1.1.0-py3-none-any.whl
  name: modal
  version: 1.1.0
  sha256: 985f47427f214e098768995782fda3915141af5f84007815db0c10c45e4a6a16
  requires_dist:
  - aiohttp
  - certifi
  - click~=8.1.0
  - grpclib>=0.4.7,<0.4.9
  - protobuf>=3.19,!=4.24.0,<7.0
  - rich>=12.0.0
  - synchronicity~=0.10.1
  - toml
  - typer>=0.9
  - types-certifi
  - types-toml
  - watchfiles
  - typing-extensions~=4.6
  requires_python: '>=3.9'
- pypi: https://files.pythonhosted.org/packages/32/d2/0b3b23f9dbad5b270b22a3ac3ea73ed0a50ef2d9a390447061178ed6bdb8/multidict-6.6.3-cp313-cp313-macosx_11_0_arm64.whl
  name: multidict
  version: 6.6.3
  sha256: 7af039820cfd00effec86bda5d8debef711a3e86a1d3772e85bea0f243a4bd65
  requires_dist:
  - typing-extensions>=4.1.0 ; python_full_version < '3.11'
  requires_python: '>=3.9'
- conda: https://conda.anaconda.org/conda-forge/osx-arm64/ncurses-6.5-h5e97a16_3.conda
  sha256: 2827ada40e8d9ca69a153a45f7fd14f32b2ead7045d3bbb5d10964898fe65733
  md5: 068d497125e4bf8a66bf707254fff5ae
  depends:
  - __osx >=11.0
  license: X11 AND BSD-3-Clause
  purls: []
  size: 797030
  timestamp: 1738196177597
- pypi: https://files.pythonhosted.org/packages/dc/9e/14520dc3dadf3c803473bd07e9b2bd1b69bc583cb2497b47000fed2fa92f/numpy-2.2.6-cp313-cp313-macosx_11_0_arm64.whl
  name: numpy
  version: 2.2.6
  sha256: 287cc3162b6f01463ccd86be154f284d0893d2b3ed7292439ea97eafa8170e0b
  requires_python: '>=3.10'
- conda: https://conda.anaconda.org/conda-forge/noarch/openai-1.101.0-pyhd8ed1ab_0.conda
  sha256: 5b5c29a24c01fded77450111056e792f73c2a4ef243a77216bbb5d6f21eb04e8
  md5: 6cf34f59ba7fac5be2aad5232af3ba97
  depends:
  - anyio >=3.5.0,<5
  - distro >=1.7.0,<2
  - httpx >=0.23.0,<1
  - jiter >=0.4.0,<1
  - pydantic >=1.9.0,<3
  - python >=3.10
  - sniffio
  - tqdm >4
  - typing-extensions >=4.11,<5
  - typing_extensions >=4.11,<5
  license: MIT
  license_family: MIT
  purls:
  - pkg:pypi/openai?source=hash-mapping
  size: 317409
  timestamp: 1755850014308
- conda: https://conda.anaconda.org/conda-forge/osx-arm64/openssl-3.5.1-h81ee809_0.conda
  sha256: f94fde0f096fa79794c8aa0a2665630bbf9026cc6438e8253f6555fc7281e5a8
  md5: a8ac77e7c7e58d43fa34d60bd4361062
  depends:
  - __osx >=11.0
  - ca-certificates
  license: Apache-2.0
  license_family: Apache
  purls: []
  size: 3071649
  timestamp: 1751390309393
- pypi: https://files.pythonhosted.org/packages/8c/96/ef98f91bbb42b79e9bb82bdd348b255eb9d65f14dbbe3b1594644c4073f7/propcache-0.3.2-cp313-cp313-macosx_11_0_arm64.whl
  name: propcache
  version: 0.3.2
  sha256: 7f08f1cc28bd2eade7a8a3d2954ccc673bb02062e3e7da09bc75d843386b342f
  requires_python: '>=3.9'
- pypi: https://files.pythonhosted.org/packages/6a/c9/b9689a2a250264a84e66c46d8862ba788ee7a641cdca39bccf64f59284b7/protobuf-6.31.1-cp39-abi3-macosx_10_9_universal2.whl
  name: protobuf
  version: 6.31.1
  sha256: 6f1227473dc43d44ed644425268eb7c2e488ae245d51c6866d19fe158e207402
  requires_python: '>=3.9'
- conda: https://conda.anaconda.org/conda-forge/noarch/pydantic-2.11.7-pyh3cfb1c2_0.conda
  sha256: ee7823e8bc227f804307169870905ce062531d36c1dcf3d431acd65c6e0bd674
  md5: 1b337e3d378cde62889bb735c024b7a2
  depends:
  - annotated-types >=0.6.0
  - pydantic-core 2.33.2
  - python >=3.9
  - typing-extensions >=4.6.1
  - typing-inspection >=0.4.0
  - typing_extensions >=4.12.2
  license: MIT
  license_family: MIT
  purls:
  - pkg:pypi/pydantic?source=hash-mapping
  size: 307333
  timestamp: 1749927245525
- conda: https://conda.anaconda.org/conda-forge/osx-arm64/pydantic-core-2.33.2-py313hf3ab51e_0.conda
  sha256: a70d31e04b81df4c98821668d87089279284d2dbcc70413f791eaa60b28f42fd
  md5: 0d5685f410c4234af909cde6fac63cb0
  depends:
  - python
  - typing-extensions >=4.6.0,!=4.7.0
  - python 3.13.* *_cp313
  - __osx >=11.0
  - python_abi 3.13.* *_cp313
  constrains:
  - __osx >=11.0
  license: MIT
  license_family: MIT
  purls:
  - pkg:pypi/pydantic-core?source=hash-mapping
  size: 1720344
  timestamp: 1746625313921
- pypi: https://files.pythonhosted.org/packages/c7/21/705964c7812476f378728bdf590ca4b771ec72385c533964653c68e86bdc/pygments-2.19.2-py3-none-any.whl
  name: pygments
  version: 2.19.2
  sha256: 86540386c03d588bb81d44bc3928634ff26449851e99741617ecb9037ee5ec0b
  requires_dist:
  - colorama>=0.4.6 ; extra == 'windows-terminal'
  requires_python: '>=3.8'
- conda: https://conda.anaconda.org/conda-forge/osx-arm64/python-3.13.5-hf3f3da0_102_cp313.conda
  build_number: 102
  sha256: ee1b09fb5563be8509bb9b29b2b436a0af75488b5f1fa6bcd93fe0fba597d13f
  md5: 123b7f04e7b8d6fc206cf2d3466f8a4b
  depends:
  - __osx >=11.0
  - bzip2 >=1.0.8,<2.0a0
  - libexpat >=2.7.0,<3.0a0
  - libffi >=3.4.6,<3.5.0a0
  - liblzma >=5.8.1,<6.0a0
  - libmpdec >=4.0.0,<5.0a0
  - libsqlite >=3.50.1,<4.0a0
  - libzlib >=1.3.1,<2.0a0
  - ncurses >=6.5,<7.0a0
  - openssl >=3.5.0,<4.0a0
  - python_abi 3.13.* *_cp313
  - readline >=8.2,<9.0a0
  - tk >=8.6.13,<8.7.0a0
  - tzdata
  license: Python-2.0
  purls: []
  size: 12931515
  timestamp: 1750062475020
  python_site_packages_path: lib/python3.13/site-packages
- conda: https://conda.anaconda.org/conda-forge/noarch/python_abi-3.13-8_cp313.conda
  build_number: 8
  sha256: 210bffe7b121e651419cb196a2a63687b087497595c9be9d20ebe97dd06060a7
  md5: 94305520c52a4aa3f6c2b1ff6008d9f8
  constrains:
  - python 3.13.* *_cp313
  license: BSD-3-Clause
  license_family: BSD
  purls: []
  size: 7002
  timestamp: 1752805902938
- conda: https://conda.anaconda.org/conda-forge/osx-arm64/readline-8.2-h1d1bf99_2.conda
  sha256: 7db04684d3904f6151eff8673270922d31da1eea7fa73254d01c437f49702e34
  md5: 63ef3f6e6d6d5c589e64f11263dc5676
  depends:
  - ncurses >=6.5,<7.0a0
  license: GPL-3.0-only
  license_family: GPL
  purls: []
  size: 252359
  timestamp: 1740379663071
- pypi: https://files.pythonhosted.org/packages/e3/30/3c4d035596d3cf444529e0b2953ad0466f6049528a879d27534700580395/rich-14.1.0-py3-none-any.whl
  name: rich
  version: 14.1.0
  sha256: 536f5f1785986d6dbdea3c75205c473f970777b4a0d6c6dd1b696aa05a3fa04f
  requires_dist:
  - ipywidgets>=7.5.1,<9 ; extra == 'jupyter'
  - markdown-it-py>=2.2.0
  - pygments>=2.13.0,<3.0.0
  requires_python: '>=3.8.0'
- pypi: https://files.pythonhosted.org/packages/e0/f9/0595336914c5619e5f28a1fb793285925a8cd4b432c9da0a987836c7f822/shellingham-1.5.4-py2.py3-none-any.whl
  name: shellingham
  version: 1.5.4
  sha256: 7ecfff8f2fd72616f7481040475a65b2bf8af90a56c89140852d1120324e8686
  requires_python: '>=3.7'
- pypi: https://files.pythonhosted.org/packages/1f/91/853dbf6ec096197dba9cd5fd0c836c5fc19142038b7db60ebe6332b1bab1/sigtools-4.0.1-py2.py3-none-any.whl
  name: sigtools
  version: 4.0.1
  sha256: d216b4cf920bbab0fce636ddc429ed8463a5b533d9e1492acb45a2a1bc36ac6c
  requires_dist:
  - attrs
  - repeated-test>=2.2.1 ; extra == 'test'
  - sphinx ; extra == 'test'
  - mock ; extra == 'test'
  - coverage ; extra == 'test'
  - repeated-test>=2.2.1 ; extra == 'tests'
  - sphinx ; extra == 'tests'
  - mock ; extra == 'tests'
  - coverage ; extra == 'tests'
  requires_python: '>=3.6'
- conda: https://conda.anaconda.org/conda-forge/noarch/six-1.17.0-pyhe01879c_1.conda
  sha256: 458227f759d5e3fcec5d9b7acce54e10c9e1f4f4b7ec978f3bfd54ce4ee9853d
  md5: 3339e3b65d58accf4ca4fb8748ab16b3
  depends:
  - python >=3.9
  - python
  license: MIT
  license_family: MIT
  purls:
  - pkg:pypi/six?source=compressed-mapping
  size: 18455
  timestamp: 1753199211006
- conda: https://conda.anaconda.org/conda-forge/noarch/sniffio-1.3.1-pyhd8ed1ab_1.conda
  sha256: c2248418c310bdd1719b186796ae50a8a77ce555228b6acd32768e2543a15012
  md5: bf7a226e58dfb8346c70df36065d86c9
  depends:
  - python >=3.9
  license: Apache-2.0
  license_family: Apache
  purls:
  - pkg:pypi/sniffio?source=hash-mapping
  size: 15019
  timestamp: 1733244175724
- pypi: https://files.pythonhosted.org/packages/f8/f9/ce041b9531022a0b5999a47e6da14485239f7bce9c595d1bfb387fe60e89/synchronicity-0.10.2-py3-none-any.whl
  name: synchronicity
  version: 0.10.2
  sha256: 4ba1f8c02ca582ef068033300201e3c403e08d81e42553554f4e67b27f0d9bb1
  requires_dist:
  - sigtools>=4.0.1
  - typing-extensions>=4.12.2
  requires_python: '>=3.9'
- conda: https://conda.anaconda.org/conda-forge/noarch/termcolor-3.1.0-pyhd8ed1ab_0.conda
  sha256: 04c7b49fbe6a2421ca9126f3f880877e995c457aed8afeb5ad18f03990ca8738
  md5: 951a99e94afe3d38bfdbd04902fe33b7
  depends:
  - python >=3.9
  license: MIT
  license_family: MIT
  purls:
  - pkg:pypi/termcolor?source=hash-mapping
  size: 13131
  timestamp: 1746039688416
- conda: https://conda.anaconda.org/conda-forge/osx-arm64/tk-8.6.13-h892fb3f_2.conda
  sha256: cb86c522576fa95c6db4c878849af0bccfd3264daf0cc40dd18e7f4a7bfced0e
  md5: 7362396c170252e7b7b0c8fb37fe9c78
  depends:
  - __osx >=11.0
  - libzlib >=1.3.1,<2.0a0
  license: TCL
  license_family: BSD
  purls: []
  size: 3125538
  timestamp: 1748388189063
- pypi: https://files.pythonhosted.org/packages/44/6f/7120676b6d73228c96e17f1f794d8ab046fc910d781c8d151120c3f1569e/toml-0.10.2-py2.py3-none-any.whl
  name: toml
  version: 0.10.2
  sha256: 806143ae5bfb6a3c6e736a764057db0e6a0e05e338b5630894a5f779cabb4f9b
  requires_python: '>=2.6,!=3.0.*,!=3.1.*,!=3.2.*'
- conda: https://conda.anaconda.org/conda-forge/noarch/tqdm-4.67.1-pyhd8ed1ab_1.conda
  sha256: 11e2c85468ae9902d24a27137b6b39b4a78099806e551d390e394a8c34b48e40
  md5: 9efbfdc37242619130ea42b1cc4ed861
  depends:
  - colorama
  - python >=3.9
  license: MPL-2.0 or MIT
  purls:
  - pkg:pypi/tqdm?source=hash-mapping
  size: 89498
  timestamp: 1735661472632
- pypi: https://files.pythonhosted.org/packages/76/42/3efaf858001d2c2913de7f354563e3a3a2f0decae3efe98427125a8f441e/typer-0.16.0-py3-none-any.whl
  name: typer
  version: 0.16.0
  sha256: 1f79bed11d4d02d4310e3c1b7ba594183bcedb0ac73b27a9e5f28f6fb5b98855
  requires_dist:
  - click>=8.0.0
  - typing-extensions>=3.7.4.3
  - shellingham>=1.3.0
  - rich>=10.11.0
  requires_python: '>=3.7'
- pypi: https://files.pythonhosted.org/packages/b5/63/2463d89481e811f007b0e1cd0a91e52e141b47f9de724d20db7b861dcfec/types_certifi-2021.10.8.3-py3-none-any.whl
  name: types-certifi
  version: 2021.10.8.3
  sha256: b2d1e325e69f71f7c78e5943d410e650b4707bb0ef32e4ddf3da37f54176e88a
- pypi: https://files.pythonhosted.org/packages/da/a2/d32ab58c0b216912638b140ab2170ee4b8644067c293b170e19fba340ccc/types_toml-0.10.8.20240310-py3-none-any.whl
  name: types-toml
  version: 0.10.8.20240310
  sha256: 627b47775d25fa29977d9c70dc0cbab3f314f32c8d8d0c012f2ef5de7aaec05d
  requires_python: '>=3.8'
- conda: https://conda.anaconda.org/conda-forge/noarch/typing-extensions-4.15.0-h396c80c_0.conda
  sha256: 7c2df5721c742c2a47b2c8f960e718c930031663ac1174da67c1ed5999f7938c
  md5: edd329d7d3a4ab45dcf905899a7a6115
  depends:
  - typing_extensions ==4.15.0 pyhcf101f3_0
  license: PSF-2.0
  license_family: PSF
  purls: []
  size: 91383
  timestamp: 1756220668932
- conda: https://conda.anaconda.org/conda-forge/noarch/typing-inspection-0.4.1-pyhd8ed1ab_0.conda
  sha256: 4259a7502aea516c762ca8f3b8291b0d4114e094bdb3baae3171ccc0900e722f
  md5: e0c3cd765dc15751ee2f0b03cd015712
  depends:
  - python >=3.9
  - typing_extensions >=4.12.0
  license: MIT
  license_family: MIT
  purls:
  - pkg:pypi/typing-inspection?source=hash-mapping
  size: 18809
  timestamp: 1747870776989
- conda: https://conda.anaconda.org/conda-forge/noarch/typing_extensions-4.15.0-pyhcf101f3_0.conda
  sha256: 032271135bca55aeb156cee361c81350c6f3fb203f57d024d7e5a1fc9ef18731
  md5: 0caa1af407ecff61170c9437a808404d
  depends:
  - python >=3.10
  - python
  license: PSF-2.0
  license_family: PSF
  purls:
  - pkg:pypi/typing-extensions?source=compressed-mapping
  size: 51692
  timestamp: 1756220668932
- conda: https://conda.anaconda.org/conda-forge/noarch/tzdata-2025b-h78e105d_0.conda
  sha256: 5aaa366385d716557e365f0a4e9c3fca43ba196872abbbe3d56bb610d131e192
  md5: 4222072737ccff51314b5ece9c7d6f5a
  license: LicenseRef-Public-Domain
  purls: []
  size: 122968
  timestamp: 1742727099393
- pypi: https://files.pythonhosted.org/packages/fa/55/a77e533e59c3003d9803c09c44c3651224067cbe7fb5d574ddbaa31e11ca/watchfiles-1.1.0-cp313-cp313-macosx_11_0_arm64.whl
  name: watchfiles
  version: 1.1.0
  sha256: 20ecc8abbd957046f1fe9562757903f5eaf57c3bce70929fda6c7711bb58074a
  requires_dist:
  - anyio>=3.0.0
  requires_python: '>=3.9'
- pypi: https://files.pythonhosted.org/packages/bf/9a/3246ae92d4049099f52d9b0fe3486e3b500e29b7ea872d0f152966fc209d/yarl-1.20.1-cp313-cp313-macosx_11_0_arm64.whl
  name: yarl
  version: 1.20.1
  sha256: f60e4ad5db23f0b96e49c018596707c3ae89f5d0bd97f0ad3684bcbad899f1e7
  requires_dist:
  - idna>=2.0
  - multidict>=4.0
  - propcache>=0.2.1
  requires_python: '>=3.9'
